{
  "version": 4,
  "terraform_version": "0.12.3",
  "serial": 39,
  "lineage": "b017bd6c-2d31-d3fb-c92b-27d90b17e0f8",
  "outputs": {},
  "resources": [
    {
      "mode": "managed",
      "type": "azurerm_network_interface",
      "name": "myterraformnic",
      "provider": "provider.azurerm",
      "instances": [
        {
          "schema_version": 0,
          "attributes": {
            "applied_dns_servers": [],
            "dns_servers": [],
            "enable_accelerated_networking": false,
            "enable_ip_forwarding": false,
            "id": "/subscriptions/e0fae348-f6c2-45f5-87b7-c41c22782d8f/resourceGroups/user03-final-rg/providers/Microsoft.Network/networkInterfaces/user03-final-NIC",
            "internal_dns_name_label": "",
            "internal_fqdn": "",
            "ip_configuration": [
              {
                "application_gateway_backend_address_pools_ids": [],
                "application_security_group_ids": [],
                "load_balancer_backend_address_pools_ids": [],
                "load_balancer_inbound_nat_rules_ids": [],
                "name": "user03-final-Nic-conf",
                "primary": true,
                "private_ip_address": "",
                "private_ip_address_allocation": "dynamic",
                "private_ip_address_version": "IPv4",
                "public_ip_address_id": "/subscriptions/e0fae348-f6c2-45f5-87b7-c41c22782d8f/resourceGroups/user03-final-rg/providers/Microsoft.Network/publicIPAddresses/user03-final-pip",
                "subnet_id": "/subscriptions/e0fae348-f6c2-45f5-87b7-c41c22782d8f/resourceGroups/user03-final-rg/providers/Microsoft.Network/virtualNetworks/user03-fianl-vnet/subnets/user03-fianl-sn1"
              }
            ],
            "location": "koreasouth",
            "mac_address": "00-22-48-06-83-9D",
            "name": "user03-final-NIC",
            "network_security_group_id": "/subscriptions/e0fae348-f6c2-45f5-87b7-c41c22782d8f/resourceGroups/user03-final-rg/providers/Microsoft.Network/networkSecurityGroups/user03-final-sg",
            "private_ip_address": "3.0.1.4",
            "private_ip_addresses": [
              "3.0.1.4"
            ],
            "resource_group_name": "user03-final-rg",
            "tags": {
              "environment": "Terraform Uesr03 Final"
            },
            "virtual_machine_id": "/subscriptions/e0fae348-f6c2-45f5-87b7-c41c22782d8f/resourceGroups/user03-final-rg/providers/Microsoft.Compute/virtualMachines/user03-final-VM"
          },
          "depends_on": [
            "azurerm_network_security_group.myterraformnsg",
            "azurerm_public_ip.myterraformpublicip",
            "azurerm_resource_group.myterraformgroup",
            "azurerm_subnet.myterraformsubnet"
          ]
        }
      ]
    },
    {
      "mode": "managed",
      "type": "azurerm_network_interface",
      "name": "myterraformnic2",
      "provider": "provider.azurerm",
      "instances": [
        {
          "schema_version": 0,
          "attributes": {
            "applied_dns_servers": [],
            "dns_servers": [],
            "enable_accelerated_networking": false,
            "enable_ip_forwarding": false,
            "id": "/subscriptions/e0fae348-f6c2-45f5-87b7-c41c22782d8f/resourceGroups/user03-final-rg/providers/Microsoft.Network/networkInterfaces/user03-final-NIC2",
            "internal_dns_name_label": "",
            "internal_fqdn": "",
            "ip_configuration": [
              {
                "application_gateway_backend_address_pools_ids": [],
                "application_security_group_ids": [],
                "load_balancer_backend_address_pools_ids": [],
                "load_balancer_inbound_nat_rules_ids": [],
                "name": "user03-final-Nic-conf",
                "primary": true,
                "private_ip_address": "",
                "private_ip_address_allocation": "dynamic",
                "private_ip_address_version": "IPv4",
                "public_ip_address_id": "/subscriptions/e0fae348-f6c2-45f5-87b7-c41c22782d8f/resourceGroups/user03-final-rg/providers/Microsoft.Network/publicIPAddresses/user03-final-pip2",
                "subnet_id": "/subscriptions/e0fae348-f6c2-45f5-87b7-c41c22782d8f/resourceGroups/user03-final-rg/providers/Microsoft.Network/virtualNetworks/user03-fianl-vnet/subnets/user03-fianl-sn1"
              }
            ],
            "location": "koreasouth",
            "mac_address": "00-22-48-06-82-ED",
            "name": "user03-final-NIC2",
            "network_security_group_id": "/subscriptions/e0fae348-f6c2-45f5-87b7-c41c22782d8f/resourceGroups/user03-final-rg/providers/Microsoft.Network/networkSecurityGroups/user03-final-sg",
            "private_ip_address": "3.0.1.5",
            "private_ip_addresses": [
              "3.0.1.5"
            ],
            "resource_group_name": "user03-final-rg",
            "tags": {
              "environment": "Terraform Uesr03 Final"
            },
            "virtual_machine_id": "/subscriptions/e0fae348-f6c2-45f5-87b7-c41c22782d8f/resourceGroups/user03-final-rg/providers/Microsoft.Compute/virtualMachines/user03-final-VM2"
          },
          "depends_on": [
            "azurerm_network_security_group.myterraformnsg",
            "azurerm_public_ip.myterraformpublicip2",
            "azurerm_resource_group.myterraformgroup",
            "azurerm_subnet.myterraformsubnet"
          ]
        }
      ]
    },
    {
      "mode": "managed",
      "type": "azurerm_network_security_group",
      "name": "myterraformnsg",
      "provider": "provider.azurerm",
      "instances": [
        {
          "schema_version": 0,
          "attributes": {
            "id": "/subscriptions/e0fae348-f6c2-45f5-87b7-c41c22782d8f/resourceGroups/user03-final-rg/providers/Microsoft.Network/networkSecurityGroups/user03-final-sg",
            "location": "koreasouth",
            "name": "user03-final-sg",
            "resource_group_name": "user03-final-rg",
            "security_rule": [
              {
                "access": "Allow",
                "description": "",
                "destination_address_prefix": "*",
                "destination_address_prefixes": [],
                "destination_application_security_group_ids": [],
                "destination_port_range": "22",
                "destination_port_ranges": [],
                "direction": "Inbound",
                "name": "SSH",
                "priority": 1001,
                "protocol": "Tcp",
                "source_address_prefix": "*",
                "source_address_prefixes": [],
                "source_application_security_group_ids": [],
                "source_port_range": "*",
                "source_port_ranges": []
              },
              {
                "access": "Allow",
                "description": "",
                "destination_address_prefix": "*",
                "destination_address_prefixes": [],
                "destination_application_security_group_ids": [],
                "destination_port_range": "80",
                "destination_port_ranges": [],
                "direction": "Inbound",
                "name": "HTTP",
                "priority": 2001,
                "protocol": "Tcp",
                "source_address_prefix": "*",
                "source_address_prefixes": [],
                "source_application_security_group_ids": [],
                "source_port_range": "*",
                "source_port_ranges": []
              }
            ],
            "tags": {
              "environment": "Terraform Uesr03 Final"
            }
          },
          "depends_on": [
            "azurerm_resource_group.myterraformgroup"
          ]
        }
      ]
    },
    {
      "mode": "managed",
      "type": "azurerm_public_ip",
      "name": "myterraformpublicip",
      "provider": "provider.azurerm",
      "instances": [
        {
          "schema_version": 0,
          "attributes": {
            "allocation_method": "Dynamic",
            "domain_name_label": null,
            "fqdn": null,
            "id": "/subscriptions/e0fae348-f6c2-45f5-87b7-c41c22782d8f/resourceGroups/user03-final-rg/providers/Microsoft.Network/publicIPAddresses/user03-final-pip",
            "idle_timeout_in_minutes": 4,
            "ip_address": "52.231.186.244",
            "ip_version": "IPv4",
            "location": "koreasouth",
            "name": "user03-final-pip",
            "public_ip_address_allocation": "Dynamic",
            "public_ip_prefix_id": null,
            "resource_group_name": "user03-final-rg",
            "reverse_fqdn": null,
            "sku": "Basic",
            "tags": {
              "environment": "Terraform Uesr03 Final"
            },
            "zones": []
          },
          "depends_on": [
            "azurerm_resource_group.myterraformgroup"
          ]
        }
      ]
    },
    {
      "mode": "managed",
      "type": "azurerm_public_ip",
      "name": "myterraformpublicip2",
      "provider": "provider.azurerm",
      "instances": [
        {
          "schema_version": 0,
          "attributes": {
            "allocation_method": "Dynamic",
            "domain_name_label": null,
            "fqdn": null,
            "id": "/subscriptions/e0fae348-f6c2-45f5-87b7-c41c22782d8f/resourceGroups/user03-final-rg/providers/Microsoft.Network/publicIPAddresses/user03-final-pip2",
            "idle_timeout_in_minutes": 4,
            "ip_address": "52.231.187.10",
            "ip_version": "IPv4",
            "location": "koreasouth",
            "name": "user03-final-pip2",
            "public_ip_address_allocation": "Dynamic",
            "public_ip_prefix_id": null,
            "resource_group_name": "user03-final-rg",
            "reverse_fqdn": null,
            "sku": "Basic",
            "tags": {
              "environment": "Terraform Uesr03 Final"
            },
            "zones": []
          },
          "depends_on": [
            "azurerm_resource_group.myterraformgroup"
          ]
        }
      ]
    },
    {
      "mode": "managed",
      "type": "azurerm_resource_group",
      "name": "myterraformgroup",
      "provider": "provider.azurerm",
      "instances": [
        {
          "schema_version": 0,
          "attributes": {
            "id": "/subscriptions/e0fae348-f6c2-45f5-87b7-c41c22782d8f/resourceGroups/user03-final-rg",
            "location": "koreacentral",
            "name": "user03-final-rg",
            "tags": {
              "environment": "Terraform Uesr03 Final"
            }
          }
        }
      ]
    },
    {
      "mode": "managed",
      "type": "azurerm_storage_account",
      "name": "mystorageaccount",
      "provider": "provider.azurerm",
      "instances": [
        {
          "schema_version": 2,
          "attributes": {
            "access_tier": "",
            "account_encryption_source": "Microsoft.Storage",
            "account_kind": "Storage",
            "account_replication_type": "LRS",
            "account_tier": "Standard",
            "account_type": "Standard_LRS",
            "custom_domain": [],
            "enable_blob_encryption": true,
            "enable_file_encryption": true,
            "enable_https_traffic_only": false,
            "id": "/subscriptions/e0fae348-f6c2-45f5-87b7-c41c22782d8f/resourceGroups/user03-final-rg/providers/Microsoft.Storage/storageAccounts/diag071a8832a3b42dec",
            "identity": [],
            "is_hns_enabled": false,
            "location": "koreasouth",
            "name": "diag071a8832a3b42dec",
            "network_rules": [],
            "primary_access_key": "lrsY3YDXOYyEphr+SMK3QnSd6VDZTEKNZJYiAJw9D8woefo1GeaIuzpDdj6el+GtYEbKtiAZEb9b4GNq1DaGiQ==",
            "primary_blob_connection_string": "DefaultEndpointsProtocol=https;BlobEndpoint=https://diag071a8832a3b42dec.blob.core.windows.net/;AccountName=diag071a8832a3b42dec;AccountKey=lrsY3YDXOYyEphr+SMK3QnSd6VDZTEKNZJYiAJw9D8woefo1GeaIuzpDdj6el+GtYEbKtiAZEb9b4GNq1DaGiQ==",
            "primary_blob_endpoint": "https://diag071a8832a3b42dec.blob.core.windows.net/",
            "primary_blob_host": "diag071a8832a3b42dec.blob.core.windows.net",
            "primary_connection_string": "DefaultEndpointsProtocol=https;AccountName=diag071a8832a3b42dec;AccountKey=lrsY3YDXOYyEphr+SMK3QnSd6VDZTEKNZJYiAJw9D8woefo1GeaIuzpDdj6el+GtYEbKtiAZEb9b4GNq1DaGiQ==;EndpointSuffix=core.windows.net",
            "primary_dfs_endpoint": "",
            "primary_dfs_host": "",
            "primary_file_endpoint": "https://diag071a8832a3b42dec.file.core.windows.net/",
            "primary_file_host": "diag071a8832a3b42dec.file.core.windows.net",
            "primary_location": "koreasouth",
            "primary_queue_endpoint": "https://diag071a8832a3b42dec.queue.core.windows.net/",
            "primary_queue_host": "diag071a8832a3b42dec.queue.core.windows.net",
            "primary_table_endpoint": "https://diag071a8832a3b42dec.table.core.windows.net/",
            "primary_table_host": "diag071a8832a3b42dec.table.core.windows.net",
            "primary_web_endpoint": "",
            "primary_web_host": "",
            "resource_group_name": "user03-final-rg",
            "secondary_access_key": "TOzTUfddUB6/5TKr2Ljif4enrAjk2X90mmK5SM/DIH57rYe0IRvJ4iOvDoXHJlIUL9gzzq5a0piU/rMPNVFvrg==",
            "secondary_blob_connection_string": "",
            "secondary_blob_endpoint": null,
            "secondary_blob_host": null,
            "secondary_connection_string": "DefaultEndpointsProtocol=https;AccountName=diag071a8832a3b42dec;AccountKey=TOzTUfddUB6/5TKr2Ljif4enrAjk2X90mmK5SM/DIH57rYe0IRvJ4iOvDoXHJlIUL9gzzq5a0piU/rMPNVFvrg==;EndpointSuffix=core.windows.net",
            "secondary_dfs_endpoint": null,
            "secondary_dfs_host": null,
            "secondary_file_endpoint": null,
            "secondary_file_host": null,
            "secondary_location": "",
            "secondary_queue_endpoint": null,
            "secondary_queue_host": null,
            "secondary_table_endpoint": null,
            "secondary_table_host": null,
            "secondary_web_endpoint": null,
            "secondary_web_host": null,
            "tags": {
              "environment": "Terraform Uesr03 Final"
            }
          },
          "depends_on": [
            "azurerm_resource_group.myterraformgroup",
            "random_id.randomId"
          ]
        }
      ]
    },
    {
      "mode": "managed",
      "type": "azurerm_storage_account",
      "name": "mystorageaccount2",
      "provider": "provider.azurerm",
      "instances": [
        {
          "schema_version": 2,
          "attributes": {
            "access_tier": "",
            "account_encryption_source": "Microsoft.Storage",
            "account_kind": "Storage",
            "account_replication_type": "LRS",
            "account_tier": "Standard",
            "account_type": "Standard_LRS",
            "custom_domain": [],
            "enable_blob_encryption": true,
            "enable_file_encryption": true,
            "enable_https_traffic_only": false,
            "id": "/subscriptions/e0fae348-f6c2-45f5-87b7-c41c22782d8f/resourceGroups/user03-final-rg/providers/Microsoft.Storage/storageAccounts/diag987d95bf952c7a5c",
            "identity": [],
            "is_hns_enabled": false,
            "location": "koreasouth",
            "name": "diag987d95bf952c7a5c",
            "network_rules": [],
            "primary_access_key": "kFveMVNXg02S7X3FlUKhupKjYpM74cpgadTW9x9idfduhv4Jp/zOUfWOKEetdc85GOA8cCx+tg8jXtki+Ao0qg==",
            "primary_blob_connection_string": "DefaultEndpointsProtocol=https;BlobEndpoint=https://diag987d95bf952c7a5c.blob.core.windows.net/;AccountName=diag987d95bf952c7a5c;AccountKey=kFveMVNXg02S7X3FlUKhupKjYpM74cpgadTW9x9idfduhv4Jp/zOUfWOKEetdc85GOA8cCx+tg8jXtki+Ao0qg==",
            "primary_blob_endpoint": "https://diag987d95bf952c7a5c.blob.core.windows.net/",
            "primary_blob_host": "diag987d95bf952c7a5c.blob.core.windows.net",
            "primary_connection_string": "DefaultEndpointsProtocol=https;AccountName=diag987d95bf952c7a5c;AccountKey=kFveMVNXg02S7X3FlUKhupKjYpM74cpgadTW9x9idfduhv4Jp/zOUfWOKEetdc85GOA8cCx+tg8jXtki+Ao0qg==;EndpointSuffix=core.windows.net",
            "primary_dfs_endpoint": "",
            "primary_dfs_host": "",
            "primary_file_endpoint": "https://diag987d95bf952c7a5c.file.core.windows.net/",
            "primary_file_host": "diag987d95bf952c7a5c.file.core.windows.net",
            "primary_location": "koreasouth",
            "primary_queue_endpoint": "https://diag987d95bf952c7a5c.queue.core.windows.net/",
            "primary_queue_host": "diag987d95bf952c7a5c.queue.core.windows.net",
            "primary_table_endpoint": "https://diag987d95bf952c7a5c.table.core.windows.net/",
            "primary_table_host": "diag987d95bf952c7a5c.table.core.windows.net",
            "primary_web_endpoint": "",
            "primary_web_host": "",
            "resource_group_name": "user03-final-rg",
            "secondary_access_key": "LgfVvKzJFajPGWa3aOh3Jhy9jh/xyxlL1zb81lR3PSjVTxF0/UqilHNyAXB8bBZgoRWr61LAbj8n0dJvCIL3gw==",
            "secondary_blob_connection_string": "",
            "secondary_blob_endpoint": null,
            "secondary_blob_host": null,
            "secondary_connection_string": "DefaultEndpointsProtocol=https;AccountName=diag987d95bf952c7a5c;AccountKey=LgfVvKzJFajPGWa3aOh3Jhy9jh/xyxlL1zb81lR3PSjVTxF0/UqilHNyAXB8bBZgoRWr61LAbj8n0dJvCIL3gw==;EndpointSuffix=core.windows.net",
            "secondary_dfs_endpoint": null,
            "secondary_dfs_host": null,
            "secondary_file_endpoint": null,
            "secondary_file_host": null,
            "secondary_location": "",
            "secondary_queue_endpoint": null,
            "secondary_queue_host": null,
            "secondary_table_endpoint": null,
            "secondary_table_host": null,
            "secondary_web_endpoint": null,
            "secondary_web_host": null,
            "tags": {
              "environment": "Terraform Uesr03 Final"
            }
          },
          "depends_on": [
            "azurerm_resource_group.myterraformgroup",
            "random_id.randomId2"
          ]
        }
      ]
    },
    {
      "mode": "managed",
      "type": "azurerm_subnet",
      "name": "myterraformsubnet",
      "provider": "provider.azurerm",
      "instances": [
        {
          "schema_version": 0,
          "attributes": {
            "address_prefix": "3.0.1.0/24",
            "delegation": [],
            "id": "/subscriptions/e0fae348-f6c2-45f5-87b7-c41c22782d8f/resourceGroups/user03-final-rg/providers/Microsoft.Network/virtualNetworks/user03-fianl-vnet/subnets/user03-fianl-sn1",
            "ip_configurations": [
              "/subscriptions/e0fae348-f6c2-45f5-87b7-c41c22782d8f/resourceGroups/user03-final-rg/providers/Microsoft.Network/networkInterfaces/user03-final-NIC/ipConfigurations/user03-final-Nic-conf",
              "/subscriptions/e0fae348-f6c2-45f5-87b7-c41c22782d8f/resourceGroups/user03-final-rg/providers/Microsoft.Network/networkInterfaces/user03-final-NIC2/ipConfigurations/user03-final-Nic-conf"
            ],
            "name": "user03-fianl-sn1",
            "network_security_group_id": "",
            "resource_group_name": "user03-final-rg",
            "route_table_id": "",
            "service_endpoints": [],
            "virtual_network_name": "user03-fianl-vnet"
          },
          "depends_on": [
            "azurerm_resource_group.myterraformgroup",
            "azurerm_virtual_network.myterraformnetwork"
          ]
        }
      ]
    },
    {
      "mode": "managed",
      "type": "azurerm_virtual_network",
      "name": "myterraformnetwork",
      "provider": "provider.azurerm",
      "instances": [
        {
          "schema_version": 0,
          "attributes": {
            "address_space": [
              "3.0.0.0/16"
            ],
            "ddos_protection_plan": [],
            "dns_servers": [],
            "id": "/subscriptions/e0fae348-f6c2-45f5-87b7-c41c22782d8f/resourceGroups/user03-final-rg/providers/Microsoft.Network/virtualNetworks/user03-fianl-vnet",
            "location": "koreasouth",
            "name": "user03-fianl-vnet",
            "resource_group_name": "user03-final-rg",
            "subnet": [
              {
                "address_prefix": "3.0.1.0/24",
                "id": "/subscriptions/e0fae348-f6c2-45f5-87b7-c41c22782d8f/resourceGroups/user03-final-rg/providers/Microsoft.Network/virtualNetworks/user03-fianl-vnet/subnets/user03-fianl-sn1",
                "name": "user03-fianl-sn1",
                "security_group": ""
              }
            ],
            "tags": {
              "environment": "Terraform Uesr03 Final"
            }
          },
          "depends_on": [
            "azurerm_resource_group.myterraformgroup"
          ]
        }
      ]
    },
    {
      "mode": "managed",
      "type": "random_id",
      "name": "randomId",
      "provider": "provider.random",
      "instances": [
        {
          "schema_version": 0,
          "attributes": {
            "b64": "BxqIMqO0Lew",
            "b64_std": "BxqIMqO0Lew=",
            "b64_url": "BxqIMqO0Lew",
            "byte_length": 8,
            "dec": "511871258736209388",
            "hex": "071a8832a3b42dec",
            "id": "BxqIMqO0Lew",
            "keepers": {
              "resource_group": "user03-final-rg"
            },
            "prefix": null
          },
          "depends_on": [
            "azurerm_resource_group.myterraformgroup"
          ]
        }
      ]
    },
    {
      "mode": "managed",
      "type": "random_id",
      "name": "randomId2",
      "provider": "provider.random",
      "instances": [
        {
          "schema_version": 0,
          "attributes": {
            "b64": "mH2Vv5Uselw",
            "b64_std": "mH2Vv5Uselw=",
            "b64_url": "mH2Vv5Uselw",
            "byte_length": 8,
            "dec": "10988103315927890524",
            "hex": "987d95bf952c7a5c",
            "id": "mH2Vv5Uselw",
            "keepers": {
              "resource_group": "user03-final-rg"
            },
            "prefix": null
          },
          "depends_on": [
            "azurerm_resource_group.myterraformgroup"
          ]
        }
      ]
    }
  ]
}
